
Microsoft Visual Studio Solution File, Format Version 12.00
# Visual Studio 15
VisualStudioVersion = 15.0.28010.2050
MinimumVisualStudioVersion = 10.0.40219.1
Project("{FAE04EC0-301F-11D3-BF4B-00C04F79EFBC}") = "Overwatch", "Overwatch\Overwatch.csproj", "{F52414B5-8372-4E67-8AB1-4113305CD9ED}"
EndProject
Global
	GlobalSection(SolutionConfigurationPlatforms) = preSolution
		Debug|Any CPU = Debug|Any CPU
		Release|Any CPU = Release|Any CPU
	EndGlobalSection
	GlobalSection(ProjectConfigurationPlatforms) = postSolution
		{F52414B5-8372-4E67-8AB1-4113305CD9ED}.Debug|Any CPU.ActiveCfg = Debug|Any CPU
		{F52414B5-8372-4E67-8AB1-4113305CD9ED}.Debug|Any CPU.Build.0 = Debug|Any CPU
		{F52414B5-8372-4E67-8AB1-4113305CD9ED}.Release|Any CPU.ActiveCfg = Release|Any CPU
		{F52414B5-8372-4E67-8AB1-4113305CD9ED}.Release|Any CPU.Build.0 = Release|Any CPU
	EndGlobalSection
	GlobalSection(SolutionProperties) = preSolution
		HideSolutionNode = FALSE
	EndGlobalSection
	GlobalSection(ExtensibilityGlobals) = postSolution
		SolutionGuid = {68DF501A-E83C-492F-955E-A70072EEB066}
	EndGlobalSection
EndGlobal
